
Microsoft Visual Studio Solution File, Format Version 12.00
# Visual Studio Version 16
VisualStudioVersion = 16.0.34931.43
MinimumVisualStudioVersion = 10.0.40219.1
Project("{FAE04EC0-301F-11D3-BF4B-00C04F79EFBC}") = "25-practicum", "25-practicum.csproj", "{C3E6577E-3FE9-4930-A903-1BDCB59F44D4}"
EndProject
Global
	GlobalSection(SolutionConfigurationPlatforms) = preSolution
		Debug|Any CPU = Debug|Any CPU
		Release|Any CPU = Release|Any CPU
	EndGlobalSection
	GlobalSection(ProjectConfigurationPlatforms) = postSolution
		{C3E6577E-3FE9-4930-A903-1BDCB59F44D4}.Debug|Any CPU.ActiveCfg = Debug|Any CPU
		{C3E6577E-3FE9-4930-A903-1BDCB59F44D4}.Debug|Any CPU.Build.0 = Debug|Any CPU
		{C3E6577E-3FE9-4930-A903-1BDCB59F44D4}.Release|Any CPU.ActiveCfg = Release|Any CPU
		{C3E6577E-3FE9-4930-A903-1BDCB59F44D4}.Release|Any CPU.Build.0 = Release|Any CPU
	EndGlobalSection
	GlobalSection(SolutionProperties) = preSolution
		HideSolutionNode = FALSE
	EndGlobalSection
	GlobalSection(ExtensibilityGlobals) = postSolution
		SolutionGuid = {3D0E2558-0E3F-467B-BC1B-82A2518103D0}
	EndGlobalSection
EndGlobal
